# SmartSpawner - iridium_skyblock.yml
# This file is updated only when the IridiumSkyblock integration is active.

iridium_skyblock:
  permissions:
    open_menu:
      name: '&#5DB5F1ǫᴜʏềɴ ᴍở ᴍᴇɴᴜ ꜱᴘᴀᴡɴᴇʀ'
      lore:
        - '&7Quyền cho phép người dùng mở menu spawner.'
        - ''
        - '&#5DB5F1&lQuyền'
        - '%permission%'
    stack:
      name: '&#37eb9aǫᴜʏềɴ ꜱᴛᴀᴄᴋ ꜱᴘᴀᴡɴᴇʀ'
      lore:
        - '&7Quyền cho phép người dùng stack spawner.'
        - ''
        - '&#37eb9a&lQuyền'
        - '%permission%'
