# SmartSpawner - iridium_skyblock.yml
# This file is updated only when the IridiumSkyblock integration is active.

iridium_skyblock:
  permissions:
    open_menu:
      name: '&#5DB5F1ᴘᴇʀᴍɪsᴏ ᴅᴇ ᴍᴇɴú ᴅᴇʟ ɢᴇɴᴇʀᴀᴅᴏʀ'
      lore:
        - '&7Permiso para permitir a los usuarios abrir el menú.'
        - ''
        - '&#5DB5F1&lPermiso'
        - '%permission%'
    stack:
      name: '&#37eb9aᴘᴇʀᴍɪsᴏ ᴘᴀʀᴀ ᴀᴘɪʟᴀʀ ɢᴇɴᴇʀᴀᴅᴏʀᴇs'
      lore:
        - '&7Permiso para permitir a los usuarios apilar generadores.'
        - ''
        - '&#37eb9a&lPermiso'
        - '%permission%'
